
Microsoft Visual Studio Solution File, Format Version 12.00
# Visual Studio Version 17
VisualStudioVersion = 17.14.36518.9
MinimumVisualStudioVersion = 10.0.40219.1
Project("{FAE04EC0-301F-11D3-BF4B-00C04F79EFBC}") = "learning-tools", "shell\learning-tools.csproj", "{2C35A02D-3AFE-4980-8272-C28774BC738E}"
EndProject
Project("{FAE04EC0-301F-11D3-BF4B-00C04F79EFBC}") = "commonstruct", "base\commonstruct.csproj", "{DA71F089-E613-45AA-AA88-3C600174DD8C}"
EndProject
Global
	GlobalSection(SolutionConfigurationPlatforms) = preSolution
		Debug|Any CPU = Debug|Any CPU
		Release|Any CPU = Release|Any CPU
	EndGlobalSection
	GlobalSection(ProjectConfigurationPlatforms) = postSolution
		{2C35A02D-3AFE-4980-8272-C28774BC738E}.Debug|Any CPU.ActiveCfg = Debug|Any CPU
		{2C35A02D-3AFE-4980-8272-C28774BC738E}.Debug|Any CPU.Build.0 = Debug|Any CPU
		{2C35A02D-3AFE-4980-8272-C28774BC738E}.Release|Any CPU.ActiveCfg = Release|Any CPU
		{2C35A02D-3AFE-4980-8272-C28774BC738E}.Release|Any CPU.Build.0 = Release|Any CPU
		{DA71F089-E613-45AA-AA88-3C600174DD8C}.Debug|Any CPU.ActiveCfg = Debug|Any CPU
		{DA71F089-E613-45AA-AA88-3C600174DD8C}.Debug|Any CPU.Build.0 = Debug|Any CPU
		{DA71F089-E613-45AA-AA88-3C600174DD8C}.Release|Any CPU.ActiveCfg = Release|Any CPU
		{DA71F089-E613-45AA-AA88-3C600174DD8C}.Release|Any CPU.Build.0 = Release|Any CPU
	EndGlobalSection
	GlobalSection(SolutionProperties) = preSolution
		HideSolutionNode = FALSE
	EndGlobalSection
	GlobalSection(ExtensibilityGlobals) = postSolution
		SolutionGuid = {3D0B80CA-1037-46D3-81EA-A59C6BF341D9}
	EndGlobalSection
EndGlobal
